// !$*UTF8*$!
{
	archiveVersion = 1;
	classes = {
	};
	objectVersion = 56;
	objects = {

/* Begin PBXBuildFile section */
		A7A763642C9D83CD00AB4D3A /* AppDelegate.swift in Sources */ = {isa = PBXBuildFile; fileRef = A7A763632C9D83CD00AB4D3A /* AppDelegate.swift */; };
		A7A763662C9D83CD00AB4D3A /* SceneDelegate.swift in Sources */ = {isa = PBXBuildFile; fileRef = A7A763652C9D83CD00AB4D3A /* SceneDelegate.swift */; };
		A7A7636B2C9D83CD00AB4D3A /* Main.storyboard in Resources */ = {isa = PBXBuildFile; fileRef = A7A763692C9D83CD00AB4D3A /* Main.storyboard */; };
		A7A7636E2C9D83CD00AB4D3A /* WeatherIOS.xcdatamodeld in Sources */ = {isa = PBXBuildFile; fileRef = A7A7636C2C9D83CD00AB4D3A /* WeatherIOS.xcdatamodeld */; };
		A7A763702C9D83CE00AB4D3A /* Assets.xcassets in Resources */ = {isa = PBXBuildFile; fileRef = A7A7636F2C9D83CE00AB4D3A /* Assets.xcassets */; };
		A7A763732C9D83CE00AB4D3A /* LaunchScreen.storyboard in Resources */ = {isa = PBXBuildFile; fileRef = A7A763712C9D83CE00AB4D3A /* LaunchScreen.storyboard */; };
		A7A7637E2C9D83CE00AB4D3A /* WeatherIOSTests.swift in Sources */ = {isa = PBXBuildFile; fileRef = A7A7637D2C9D83CE00AB4D3A /* WeatherIOSTests.swift */; };
		A7A763882C9D83CE00AB4D3A /* WeatherIOSUITests.swift in Sources */ = {isa = PBXBuildFile; fileRef = A7A763872C9D83CE00AB4D3A /* WeatherIOSUITests.swift */; };
		A7A7638A2C9D83CE00AB4D3A /* WeatherIOSUITestsLaunchTests.swift in Sources */ = {isa = PBXBuildFile; fileRef = A7A763892C9D83CE00AB4D3A /* WeatherIOSUITestsLaunchTests.swift */; };
		A7A763992C9D84DF00AB4D3A /* BaseURL.swift in Sources */ = {isa = PBXBuildFile; fileRef = A7A763982C9D84DF00AB4D3A /* BaseURL.swift */; };
		A7A7639B2C9D853E00AB4D3A /* EndPoints.swift in Sources */ = {isa = PBXBuildFile; fileRef = A7A7639A2C9D853E00AB4D3A /* EndPoints.swift */; };
		A7A7639D2C9D854C00AB4D3A /* Environment.swift in Sources */ = {isa = PBXBuildFile; fileRef = A7A7639C2C9D854C00AB4D3A /* Environment.swift */; };
		A7A763A12C9D857200AB4D3A /* NetworkRequest.swift in Sources */ = {isa = PBXBuildFile; fileRef = A7A763A02C9D857200AB4D3A /* NetworkRequest.swift */; };
		A7A763A32C9D857E00AB4D3A /* NetworkManager.swift in Sources */ = {isa = PBXBuildFile; fileRef = A7A763A22C9D857E00AB4D3A /* NetworkManager.swift */; };
		A7A763A72C9D860300AB4D3A /* IQKeyboardManagerSwift in Frameworks */ = {isa = PBXBuildFile; productRef = A7A763A62C9D860300AB4D3A /* IQKeyboardManagerSwift */; };
		A7A763AA2C9D861300AB4D3A /* Alamofire in Frameworks */ = {isa = PBXBuildFile; productRef = A7A763A92C9D861300AB4D3A /* Alamofire */; };
		A7A763B02C9D87C900AB4D3A /* AlertMessages.swift in Sources */ = {isa = PBXBuildFile; fileRef = A7A763AF2C9D87C900AB4D3A /* AlertMessages.swift */; };
		A7A763B32C9D882000AB4D3A /* Toast.swift in Sources */ = {isa = PBXBuildFile; fileRef = A7A763B22C9D882000AB4D3A /* Toast.swift */; };
		A7A763B52C9D884100AB4D3A /* ActivityIndicator.swift in Sources */ = {isa = PBXBuildFile; fileRef = A7A763B42C9D884100AB4D3A /* ActivityIndicator.swift */; };
		A7A763BA2C9D919600AB4D3A /* IBDesignable+Extensions.swift in Sources */ = {isa = PBXBuildFile; fileRef = A7A763B92C9D919600AB4D3A /* IBDesignable+Extensions.swift */; };
		A7A763BC2C9D924F00AB4D3A /* UIViewController+Extensions.swift in Sources */ = {isa = PBXBuildFile; fileRef = A7A763BB2C9D924F00AB4D3A /* UIViewController+Extensions.swift */; };
		A7ACEA382C9DDE55008F7B2E /* Storyboards.swift in Sources */ = {isa = PBXBuildFile; fileRef = A7ACEA372C9DDE55008F7B2E /* Storyboards.swift */; };
		A7ACEA3A2C9DFA76008F7B2E /* ForecastRequest.swift in Sources */ = {isa = PBXBuildFile; fileRef = A7ACEA392C9DFA76008F7B2E /* ForecastRequest.swift */; };
		A7ACEA3C2C9DFA8B008F7B2E /* ForecastService.swift in Sources */ = {isa = PBXBuildFile; fileRef = A7ACEA3B2C9DFA8B008F7B2E /* ForecastService.swift */; };
		A7ACEA3E2C9DFA99008F7B2E /* RemoteForecastService.swift in Sources */ = {isa = PBXBuildFile; fileRef = A7ACEA3D2C9DFA99008F7B2E /* RemoteForecastService.swift */; };
		A7ACEA492C9E0781008F7B2E /* CoreDataManager.swift in Sources */ = {isa = PBXBuildFile; fileRef = A7ACEA482C9E0781008F7B2E /* CoreDataManager.swift */; };
		A7ACF4DC2C9EA7DB00C01D6A /* DBForecast+CoreDataClass.swift in Sources */ = {isa = PBXBuildFile; fileRef = A7ACF4DA2C9EA7DB00C01D6A /* DBForecast+CoreDataClass.swift */; };
		A7ACF4DD2C9EA7DB00C01D6A /* DBForecast+CoreDataProperties.swift in Sources */ = {isa = PBXBuildFile; fileRef = A7ACF4DB2C9EA7DB00C01D6A /* DBForecast+CoreDataProperties.swift */; };
		A7ACF4E02C9EA7E500C01D6A /* DBWeather+CoreDataClass.swift in Sources */ = {isa = PBXBuildFile; fileRef = A7ACF4DE2C9EA7E500C01D6A /* DBWeather+CoreDataClass.swift */; };
		A7ACF4E12C9EA7E500C01D6A /* DBWeather+CoreDataProperties.swift in Sources */ = {isa = PBXBuildFile; fileRef = A7ACF4DF2C9EA7E500C01D6A /* DBWeather+CoreDataProperties.swift */; };
		A7FBDFDD2C9D96CD00A219DE /* Colours.xcassets in Resources */ = {isa = PBXBuildFile; fileRef = A7FBDFDC2C9D96CD00A219DE /* Colours.xcassets */; };
		A7FBDFE12C9D980E00A219DE /* WeatherListVC.swift in Sources */ = {isa = PBXBuildFile; fileRef = A7FBDFE02C9D980E00A219DE /* WeatherListVC.swift */; };
		A7FBDFE32C9D982F00A219DE /* WeatherDetailVC.swift in Sources */ = {isa = PBXBuildFile; fileRef = A7FBDFE22C9D982F00A219DE /* WeatherDetailVC.swift */; };
		A7FBDFE52C9D9C5F00A219DE /* SearchLocationtVC.swift in Sources */ = {isa = PBXBuildFile; fileRef = A7FBDFE42C9D9C5F00A219DE /* SearchLocationtVC.swift */; };
		A7FBDFE82C9DA4ED00A219DE /* LocationTableCell.swift in Sources */ = {isa = PBXBuildFile; fileRef = A7FBDFE72C9DA4ED00A219DE /* LocationTableCell.swift */; };
		A7FBDFEA2C9DA50200A219DE /* WeatherListTableCell.swift in Sources */ = {isa = PBXBuildFile; fileRef = A7FBDFE92C9DA50200A219DE /* WeatherListTableCell.swift */; };
		A7FBDFEC2C9DA7B000A219DE /* UITableView+Extensions.swift in Sources */ = {isa = PBXBuildFile; fileRef = A7FBDFEB2C9DA7B000A219DE /* UITableView+Extensions.swift */; };
		A7FBDFEE2C9DA7EB00A219DE /* UIView+Extensions.swift in Sources */ = {isa = PBXBuildFile; fileRef = A7FBDFED2C9DA7EB00A219DE /* UIView+Extensions.swift */; };
		A7FBDFF02C9DB89E00A219DE /* Weather.swift in Sources */ = {isa = PBXBuildFile; fileRef = A7FBDFEF2C9DB89E00A219DE /* Weather.swift */; };
		A7FBDFF22C9DB91F00A219DE /* Forecast.swift in Sources */ = {isa = PBXBuildFile; fileRef = A7FBDFF12C9DB91F00A219DE /* Forecast.swift */; };
		A7FBDFF82C9DBB0900A219DE /* AppConstants.swift in Sources */ = {isa = PBXBuildFile; fileRef = A7FBDFF72C9DBB0900A219DE /* AppConstants.swift */; };
		A7FBE0042C9DBF9D00A219DE /* WeatherViewModel.swift in Sources */ = {isa = PBXBuildFile; fileRef = A7FBE0032C9DBF9D00A219DE /* WeatherViewModel.swift */; };
		A7FBE0062C9DCB3300A219DE /* WeatherRequest.swift in Sources */ = {isa = PBXBuildFile; fileRef = A7FBE0052C9DCB3300A219DE /* WeatherRequest.swift */; };
		A7FBE0082C9DCBAB00A219DE /* WeatherService.swift in Sources */ = {isa = PBXBuildFile; fileRef = A7FBE0072C9DCBAB00A219DE /* WeatherService.swift */; };
		A7FBE00A2C9DCBBA00A219DE /* RemoteWeatherService.swift in Sources */ = {isa = PBXBuildFile; fileRef = A7FBE0092C9DCBBA00A219DE /* RemoteWeatherService.swift */; };
		A7FBE00C2C9DCDCD00A219DE /* WeatherFromNameService.swift in Sources */ = {isa = PBXBuildFile; fileRef = A7FBE00B2C9DCDCD00A219DE /* WeatherFromNameService.swift */; };
		A7FBE0142C9DCFF000A219DE /* RemoteWeatherFromNameService.swift in Sources */ = {isa = PBXBuildFile; fileRef = A7FBE0132C9DCFF000A219DE /* RemoteWeatherFromNameService.swift */; };
		A7FBE0162C9DD0A200A219DE /* WeatherFromNameRequest.swift in Sources */ = {isa = PBXBuildFile; fileRef = A7FBE0152C9DD0A200A219DE /* WeatherFromNameRequest.swift */; };
/* End PBXBuildFile section */

/* Begin PBXContainerItemProxy section */
		A7A7637A2C9D83CE00AB4D3A /* PBXContainerItemProxy */ = {
			isa = PBXContainerItemProxy;
			containerPortal = A7A763582C9D83CD00AB4D3A /* Project object */;
			proxyType = 1;
			remoteGlobalIDString = A7A7635F2C9D83CD00AB4D3A;
			remoteInfo = WeatherIOS;
		};
		A7A763842C9D83CE00AB4D3A /* PBXContainerItemProxy */ = {
			isa = PBXContainerItemProxy;
			containerPortal = A7A763582C9D83CD00AB4D3A /* Project object */;
			proxyType = 1;
			remoteGlobalIDString = A7A7635F2C9D83CD00AB4D3A;
			remoteInfo = WeatherIOS;
		};
/* End PBXContainerItemProxy section */

/* Begin PBXFileReference section */
		A7A763602C9D83CD00AB4D3A /* WeatherIOS.app */ = {isa = PBXFileReference; explicitFileType = wrapper.application; includeInIndex = 0; path = WeatherIOS.app; sourceTree = BUILT_PRODUCTS_DIR; };
		A7A763632C9D83CD00AB4D3A /* AppDelegate.swift */ = {isa = PBXFileReference; lastKnownFileType = sourcecode.swift; path = AppDelegate.swift; sourceTree = "<group>"; };
		A7A763652C9D83CD00AB4D3A /* SceneDelegate.swift */ = {isa = PBXFileReference; lastKnownFileType = sourcecode.swift; path = SceneDelegate.swift; sourceTree = "<group>"; };
		A7A7636A2C9D83CD00AB4D3A /* Base */ = {isa = PBXFileReference; lastKnownFileType = file.storyboard; name = Base; path = Base.lproj/Main.storyboard; sourceTree = "<group>"; };
		A7A7636D2C9D83CD00AB4D3A /* WeatherIOS.xcdatamodel */ = {isa = PBXFileReference; lastKnownFileType = wrapper.xcdatamodel; path = WeatherIOS.xcdatamodel; sourceTree = "<group>"; };
		A7A7636F2C9D83CE00AB4D3A /* Assets.xcassets */ = {isa = PBXFileReference; lastKnownFileType = folder.assetcatalog; path = Assets.xcassets; sourceTree = "<group>"; };
		A7A763722C9D83CE00AB4D3A /* Base */ = {isa = PBXFileReference; lastKnownFileType = file.storyboard; name = Base; path = Base.lproj/LaunchScreen.storyboard; sourceTree = "<group>"; };
		A7A763742C9D83CE00AB4D3A /* Info.plist */ = {isa = PBXFileReference; lastKnownFileType = text.plist.xml; path = Info.plist; sourceTree = "<group>"; };
		A7A763792C9D83CE00AB4D3A /* WeatherIOSTests.xctest */ = {isa = PBXFileReference; explicitFileType = wrapper.cfbundle; includeInIndex = 0; path = WeatherIOSTests.xctest; sourceTree = BUILT_PRODUCTS_DIR; };
		A7A7637D2C9D83CE00AB4D3A /* WeatherIOSTests.swift */ = {isa = PBXFileReference; lastKnownFileType = sourcecode.swift; path = WeatherIOSTests.swift; sourceTree = "<group>"; };
		A7A763832C9D83CE00AB4D3A /* WeatherIOSUITests.xctest */ = {isa = PBXFileReference; explicitFileType = wrapper.cfbundle; includeInIndex = 0; path = WeatherIOSUITests.xctest; sourceTree = BUILT_PRODUCTS_DIR; };
		A7A763872C9D83CE00AB4D3A /* WeatherIOSUITests.swift */ = {isa = PBXFileReference; lastKnownFileType = sourcecode.swift; path = WeatherIOSUITests.swift; sourceTree = "<group>"; };
		A7A763892C9D83CE00AB4D3A /* WeatherIOSUITestsLaunchTests.swift */ = {isa = PBXFileReference; lastKnownFileType = sourcecode.swift; path = WeatherIOSUITestsLaunchTests.swift; sourceTree = "<group>"; };
		A7A763982C9D84DF00AB4D3A /* BaseURL.swift */ = {isa = PBXFileReference; lastKnownFileType = sourcecode.swift; path = BaseURL.swift; sourceTree = "<group>"; };
		A7A7639A2C9D853E00AB4D3A /* EndPoints.swift */ = {isa = PBXFileReference; lastKnownFileType = sourcecode.swift; path = EndPoints.swift; sourceTree = "<group>"; };
		A7A7639C2C9D854C00AB4D3A /* Environment.swift */ = {isa = PBXFileReference; lastKnownFileType = sourcecode.swift; path = Environment.swift; sourceTree = "<group>"; };
		A7A763A02C9D857200AB4D3A /* NetworkRequest.swift */ = {isa = PBXFileReference; lastKnownFileType = sourcecode.swift; path = NetworkRequest.swift; sourceTree = "<group>"; };
		A7A763A22C9D857E00AB4D3A /* NetworkManager.swift */ = {isa = PBXFileReference; lastKnownFileType = sourcecode.swift; path = NetworkManager.swift; sourceTree = "<group>"; };
		A7A763AF2C9D87C900AB4D3A /* AlertMessages.swift */ = {isa = PBXFileReference; lastKnownFileType = sourcecode.swift; path = AlertMessages.swift; sourceTree = "<group>"; };
		A7A763B22C9D882000AB4D3A /* Toast.swift */ = {isa = PBXFileReference; lastKnownFileType = sourcecode.swift; path = Toast.swift; sourceTree = "<group>"; };
		A7A763B42C9D884100AB4D3A /* ActivityIndicator.swift */ = {isa = PBXFileReference; lastKnownFileType = sourcecode.swift; path = ActivityIndicator.swift; sourceTree = "<group>"; };
		A7A763B92C9D919600AB4D3A /* IBDesignable+Extensions.swift */ = {isa = PBXFileReference; lastKnownFileType = sourcecode.swift; path = "IBDesignable+Extensions.swift"; sourceTree = "<group>"; };
		A7A763BB2C9D924F00AB4D3A /* UIViewController+Extensions.swift */ = {isa = PBXFileReference; lastKnownFileType = sourcecode.swift; path = "UIViewController+Extensions.swift"; sourceTree = "<group>"; };
		A7ACEA372C9DDE55008F7B2E /* Storyboards.swift */ = {isa = PBXFileReference; lastKnownFileType = sourcecode.swift; path = Storyboards.swift; sourceTree = "<group>"; };
		A7ACEA392C9DFA76008F7B2E /* ForecastRequest.swift */ = {isa = PBXFileReference; lastKnownFileType = sourcecode.swift; path = ForecastRequest.swift; sourceTree = "<group>"; };
		A7ACEA3B2C9DFA8B008F7B2E /* ForecastService.swift */ = {isa = PBXFileReference; lastKnownFileType = sourcecode.swift; path = ForecastService.swift; sourceTree = "<group>"; };
		A7ACEA3D2C9DFA99008F7B2E /* RemoteForecastService.swift */ = {isa = PBXFileReference; lastKnownFileType = sourcecode.swift; path = RemoteForecastService.swift; sourceTree = "<group>"; };
		A7ACEA482C9E0781008F7B2E /* CoreDataManager.swift */ = {isa = PBXFileReference; lastKnownFileType = sourcecode.swift; path = CoreDataManager.swift; sourceTree = "<group>"; };
		A7ACF4DA2C9EA7DB00C01D6A /* DBForecast+CoreDataClass.swift */ = {isa = PBXFileReference; lastKnownFileType = sourcecode.swift; path = "DBForecast+CoreDataClass.swift"; sourceTree = "<group>"; };
		A7ACF4DB2C9EA7DB00C01D6A /* DBForecast+CoreDataProperties.swift */ = {isa = PBXFileReference; lastKnownFileType = sourcecode.swift; path = "DBForecast+CoreDataProperties.swift"; sourceTree = "<group>"; };
		A7ACF4DE2C9EA7E500C01D6A /* DBWeather+CoreDataClass.swift */ = {isa = PBXFileReference; lastKnownFileType = sourcecode.swift; path = "DBWeather+CoreDataClass.swift"; sourceTree = "<group>"; };
		A7ACF4DF2C9EA7E500C01D6A /* DBWeather+CoreDataProperties.swift */ = {isa = PBXFileReference; lastKnownFileType = sourcecode.swift; path = "DBWeather+CoreDataProperties.swift"; sourceTree = "<group>"; };
		A7FBDFDC2C9D96CD00A219DE /* Colours.xcassets */ = {isa = PBXFileReference; lastKnownFileType = folder.assetcatalog; path = Colours.xcassets; sourceTree = "<group>"; };
		A7FBDFE02C9D980E00A219DE /* WeatherListVC.swift */ = {isa = PBXFileReference; lastKnownFileType = sourcecode.swift; path = WeatherListVC.swift; sourceTree = "<group>"; };
		A7FBDFE22C9D982F00A219DE /* WeatherDetailVC.swift */ = {isa = PBXFileReference; lastKnownFileType = sourcecode.swift; path = WeatherDetailVC.swift; sourceTree = "<group>"; };
		A7FBDFE42C9D9C5F00A219DE /* SearchLocationtVC.swift */ = {isa = PBXFileReference; lastKnownFileType = sourcecode.swift; path = SearchLocationtVC.swift; sourceTree = "<group>"; };
		A7FBDFE72C9DA4ED00A219DE /* LocationTableCell.swift */ = {isa = PBXFileReference; lastKnownFileType = sourcecode.swift; path = LocationTableCell.swift; sourceTree = "<group>"; };
		A7FBDFE92C9DA50200A219DE /* WeatherListTableCell.swift */ = {isa = PBXFileReference; lastKnownFileType = sourcecode.swift; path = WeatherListTableCell.swift; sourceTree = "<group>"; };
		A7FBDFEB2C9DA7B000A219DE /* UITableView+Extensions.swift */ = {isa = PBXFileReference; lastKnownFileType = sourcecode.swift; path = "UITableView+Extensions.swift"; sourceTree = "<group>"; };
		A7FBDFED2C9DA7EB00A219DE /* UIView+Extensions.swift */ = {isa = PBXFileReference; lastKnownFileType = sourcecode.swift; path = "UIView+Extensions.swift"; sourceTree = "<group>"; };
		A7FBDFEF2C9DB89E00A219DE /* Weather.swift */ = {isa = PBXFileReference; lastKnownFileType = sourcecode.swift; path = Weather.swift; sourceTree = "<group>"; };
		A7FBDFF12C9DB91F00A219DE /* Forecast.swift */ = {isa = PBXFileReference; lastKnownFileType = sourcecode.swift; path = Forecast.swift; sourceTree = "<group>"; };
		A7FBDFF72C9DBB0900A219DE /* AppConstants.swift */ = {isa = PBXFileReference; lastKnownFileType = sourcecode.swift; path = AppConstants.swift; sourceTree = "<group>"; };
		A7FBE0032C9DBF9D00A219DE /* WeatherViewModel.swift */ = {isa = PBXFileReference; lastKnownFileType = sourcecode.swift; path = WeatherViewModel.swift; sourceTree = "<group>"; };
		A7FBE0052C9DCB3300A219DE /* WeatherRequest.swift */ = {isa = PBXFileReference; lastKnownFileType = sourcecode.swift; path = WeatherRequest.swift; sourceTree = "<group>"; };
		A7FBE0072C9DCBAB00A219DE /* WeatherService.swift */ = {isa = PBXFileReference; lastKnownFileType = sourcecode.swift; path = WeatherService.swift; sourceTree = "<group>"; };
		A7FBE0092C9DCBBA00A219DE /* RemoteWeatherService.swift */ = {isa = PBXFileReference; lastKnownFileType = sourcecode.swift; path = RemoteWeatherService.swift; sourceTree = "<group>"; };
		A7FBE00B2C9DCDCD00A219DE /* WeatherFromNameService.swift */ = {isa = PBXFileReference; fileEncoding = 4; lastKnownFileType = sourcecode.swift; path = WeatherFromNameService.swift; sourceTree = "<group>"; };
		A7FBE0132C9DCFF000A219DE /* RemoteWeatherFromNameService.swift */ = {isa = PBXFileReference; lastKnownFileType = sourcecode.swift; path = RemoteWeatherFromNameService.swift; sourceTree = "<group>"; };
		A7FBE0152C9DD0A200A219DE /* WeatherFromNameRequest.swift */ = {isa = PBXFileReference; lastKnownFileType = sourcecode.swift; path = WeatherFromNameRequest.swift; sourceTree = "<group>"; };
/* End PBXFileReference section */

/* Begin PBXFrameworksBuildPhase section */
		A7A7635D2C9D83CD00AB4D3A /* Frameworks */ = {
			isa = PBXFrameworksBuildPhase;
			buildActionMask = 2147483647;
			files = (
				A7A763A72C9D860300AB4D3A /* IQKeyboardManagerSwift in Frameworks */,
				A7A763AA2C9D861300AB4D3A /* Alamofire in Frameworks */,
			);
			runOnlyForDeploymentPostprocessing = 0;
		};
		A7A763762C9D83CE00AB4D3A /* Frameworks */ = {
			isa = PBXFrameworksBuildPhase;
			buildActionMask = 2147483647;
			files = (
			);
			runOnlyForDeploymentPostprocessing = 0;
		};
		A7A763802C9D83CE00AB4D3A /* Frameworks */ = {
			isa = PBXFrameworksBuildPhase;
			buildActionMask = 2147483647;
			files = (
			);
			runOnlyForDeploymentPostprocessing = 0;
		};
/* End PBXFrameworksBuildPhase section */

/* Begin PBXGroup section */
		A7A763572C9D83CD00AB4D3A = {
			isa = PBXGroup;
			children = (
				A7A763622C9D83CD00AB4D3A /* WeatherIOS */,
				A7A7637C2C9D83CE00AB4D3A /* WeatherIOSTests */,
				A7A763862C9D83CE00AB4D3A /* WeatherIOSUITests */,
				A7A763612C9D83CD00AB4D3A /* Products */,
			);
			sourceTree = "<group>";
		};
		A7A763612C9D83CD00AB4D3A /* Products */ = {
			isa = PBXGroup;
			children = (
				A7A763602C9D83CD00AB4D3A /* WeatherIOS.app */,
				A7A763792C9D83CE00AB4D3A /* WeatherIOSTests.xctest */,
				A7A763832C9D83CE00AB4D3A /* WeatherIOSUITests.xctest */,
			);
			name = Products;
			sourceTree = "<group>";
		};
		A7A763622C9D83CD00AB4D3A /* WeatherIOS */ = {
			isa = PBXGroup;
			children = (
				A7A763632C9D83CD00AB4D3A /* AppDelegate.swift */,
				A7A763652C9D83CD00AB4D3A /* SceneDelegate.swift */,
				A7FBDFF32C9DB9F900A219DE /* AppModules */,
				A7A763962C9D849900AB4D3A /* APIManager */,
				A7FBDFF52C9DBA2E00A219DE /* CoredataManager */,
				A7A763AC2C9D871500AB4D3A /* Resources */,
				A7A7636F2C9D83CE00AB4D3A /* Assets.xcassets */,
				A7FBDFDC2C9D96CD00A219DE /* Colours.xcassets */,
				A7A763742C9D83CE00AB4D3A /* Info.plist */,
			);
			path = WeatherIOS;
			sourceTree = "<group>";
		};
		A7A7637C2C9D83CE00AB4D3A /* WeatherIOSTests */ = {
			isa = PBXGroup;
			children = (
				A7A7637D2C9D83CE00AB4D3A /* WeatherIOSTests.swift */,
			);
			path = WeatherIOSTests;
			sourceTree = "<group>";
		};
		A7A763862C9D83CE00AB4D3A /* WeatherIOSUITests */ = {
			isa = PBXGroup;
			children = (
				A7A763872C9D83CE00AB4D3A /* WeatherIOSUITests.swift */,
				A7A763892C9D83CE00AB4D3A /* WeatherIOSUITestsLaunchTests.swift */,
			);
			path = WeatherIOSUITests;
			sourceTree = "<group>";
		};
		A7A763962C9D849900AB4D3A /* APIManager */ = {
			isa = PBXGroup;
			children = (
				A7A763982C9D84DF00AB4D3A /* BaseURL.swift */,
				A7A7639A2C9D853E00AB4D3A /* EndPoints.swift */,
				A7A7639C2C9D854C00AB4D3A /* Environment.swift */,
				A7A763A02C9D857200AB4D3A /* NetworkRequest.swift */,
				A7A763A22C9D857E00AB4D3A /* NetworkManager.swift */,
			);
			path = APIManager;
			sourceTree = "<group>";
		};
		A7A763972C9D84A100AB4D3A /* Model */ = {
			isa = PBXGroup;
			children = (
				A7FBDFEF2C9DB89E00A219DE /* Weather.swift */,
				A7FBDFF12C9DB91F00A219DE /* Forecast.swift */,
			);
			path = Model;
			sourceTree = "<group>";
		};
		A7A763AB2C9D870800AB4D3A /* ViewModel */ = {
			isa = PBXGroup;
			children = (
				A7FBE0032C9DBF9D00A219DE /* WeatherViewModel.swift */,
			);
			path = ViewModel;
			sourceTree = "<group>";
		};
		A7A763AC2C9D871500AB4D3A /* Resources */ = {
			isa = PBXGroup;
			children = (
				A7A763B82C9D918200AB4D3A /* Extensions */,
				A7A763B12C9D881300AB4D3A /* CustomClass */,
				A7A763AE2C9D87B800AB4D3A /* Constants */,
			);
			path = Resources;
			sourceTree = "<group>";
		};
		A7A763AD2C9D871F00AB4D3A /* View */ = {
			isa = PBXGroup;
			children = (
				A7A763B62C9D8AD800AB4D3A /* ViewController */,
				A7FBDFE62C9DA4BF00A219DE /* TableCells */,
				A7A763B72C9D8B0C00AB4D3A /* StoryBoards */,
			);
			path = View;
			sourceTree = "<group>";
		};
		A7A763AE2C9D87B800AB4D3A /* Constants */ = {
			isa = PBXGroup;
			children = (
				A7A763AF2C9D87C900AB4D3A /* AlertMessages.swift */,
				A7FBDFF72C9DBB0900A219DE /* AppConstants.swift */,
				A7ACEA372C9DDE55008F7B2E /* Storyboards.swift */,
			);
			path = Constants;
			sourceTree = "<group>";
		};
		A7A763B12C9D881300AB4D3A /* CustomClass */ = {
			isa = PBXGroup;
			children = (
				A7A763B22C9D882000AB4D3A /* Toast.swift */,
				A7A763B42C9D884100AB4D3A /* ActivityIndicator.swift */,
			);
			path = CustomClass;
			sourceTree = "<group>";
		};
		A7A763B62C9D8AD800AB4D3A /* ViewController */ = {
			isa = PBXGroup;
			children = (
				A7FBDFE02C9D980E00A219DE /* WeatherListVC.swift */,
				A7FBDFE42C9D9C5F00A219DE /* SearchLocationtVC.swift */,
				A7FBDFE22C9D982F00A219DE /* WeatherDetailVC.swift */,
			);
			path = ViewController;
			sourceTree = "<group>";
		};
		A7A763B72C9D8B0C00AB4D3A /* StoryBoards */ = {
			isa = PBXGroup;
			children = (
				A7A763692C9D83CD00AB4D3A /* Main.storyboard */,
				A7A763712C9D83CE00AB4D3A /* LaunchScreen.storyboard */,
			);
			path = StoryBoards;
			sourceTree = "<group>";
		};
		A7A763B82C9D918200AB4D3A /* Extensions */ = {
			isa = PBXGroup;
			children = (
				A7A763B92C9D919600AB4D3A /* IBDesignable+Extensions.swift */,
				A7A763BB2C9D924F00AB4D3A /* UIViewController+Extensions.swift */,
				A7FBDFEB2C9DA7B000A219DE /* UITableView+Extensions.swift */,
				A7FBDFED2C9DA7EB00A219DE /* UIView+Extensions.swift */,
			);
			path = Extensions;
			sourceTree = "<group>";
		};
		A7ACEA472C9E0744008F7B2E /* Model */ = {
			isa = PBXGroup;
			children = (
				A7ACF4DE2C9EA7E500C01D6A /* DBWeather+CoreDataClass.swift */,
				A7ACF4DF2C9EA7E500C01D6A /* DBWeather+CoreDataProperties.swift */,
				A7ACF4DA2C9EA7DB00C01D6A /* DBForecast+CoreDataClass.swift */,
				A7ACF4DB2C9EA7DB00C01D6A /* DBForecast+CoreDataProperties.swift */,
			);
			path = Model;
			sourceTree = "<group>";
		};
		A7FBDFE62C9DA4BF00A219DE /* TableCells */ = {
			isa = PBXGroup;
			children = (
				A7FBDFE72C9DA4ED00A219DE /* LocationTableCell.swift */,
				A7FBDFE92C9DA50200A219DE /* WeatherListTableCell.swift */,
			);
			path = TableCells;
			sourceTree = "<group>";
		};
		A7FBDFF32C9DB9F900A219DE /* AppModules */ = {
			isa = PBXGroup;
			children = (
				A7FBDFF42C9DBA0000A219DE /* Weather */,
			);
			path = AppModules;
			sourceTree = "<group>";
		};
		A7FBDFF42C9DBA0000A219DE /* Weather */ = {
			isa = PBXGroup;
			children = (
				A7A763972C9D84A100AB4D3A /* Model */,
				A7A763AD2C9D871F00AB4D3A /* View */,
				A7A763AB2C9D870800AB4D3A /* ViewModel */,
				A7FBDFF62C9DBABE00A219DE /* API */,
			);
			path = Weather;
			sourceTree = "<group>";
		};
		A7FBDFF52C9DBA2E00A219DE /* CoredataManager */ = {
			isa = PBXGroup;
			children = (
				A7A7636C2C9D83CD00AB4D3A /* WeatherIOS.xcdatamodeld */,
				A7ACEA482C9E0781008F7B2E /* CoreDataManager.swift */,
				A7ACEA472C9E0744008F7B2E /* Model */,
			);
			path = CoredataManager;
			sourceTree = "<group>";
		};
		A7FBDFF62C9DBABE00A219DE /* API */ = {
			isa = PBXGroup;
			children = (
				A7FBE0052C9DCB3300A219DE /* WeatherRequest.swift */,
				A7FBE0072C9DCBAB00A219DE /* WeatherService.swift */,
				A7FBE0092C9DCBBA00A219DE /* RemoteWeatherService.swift */,
				A7FBE0152C9DD0A200A219DE /* WeatherFromNameRequest.swift */,
				A7FBE00B2C9DCDCD00A219DE /* WeatherFromNameService.swift */,
				A7FBE0132C9DCFF000A219DE /* RemoteWeatherFromNameService.swift */,
				A7ACEA392C9DFA76008F7B2E /* ForecastRequest.swift */,
				A7ACEA3B2C9DFA8B008F7B2E /* ForecastService.swift */,
				A7ACEA3D2C9DFA99008F7B2E /* RemoteForecastService.swift */,
			);
			path = API;
			sourceTree = "<group>";
		};
/* End PBXGroup section */

/* Begin PBXNativeTarget section */
		A7A7635F2C9D83CD00AB4D3A /* WeatherIOS */ = {
			isa = PBXNativeTarget;
			buildConfigurationList = A7A7638D2C9D83CE00AB4D3A /* Build configuration list for PBXNativeTarget "WeatherIOS" */;
			buildPhases = (
				A7A7635C2C9D83CD00AB4D3A /* Sources */,
				A7A7635D2C9D83CD00AB4D3A /* Frameworks */,
				A7A7635E2C9D83CD00AB4D3A /* Resources */,
			);
			buildRules = (
			);
			dependencies = (
			);
			name = WeatherIOS;
			packageProductDependencies = (
				A7A763A62C9D860300AB4D3A /* IQKeyboardManagerSwift */,
				A7A763A92C9D861300AB4D3A /* Alamofire */,
			);
			productName = WeatherIOS;
			productReference = A7A763602C9D83CD00AB4D3A /* WeatherIOS.app */;
			productType = "com.apple.product-type.application";
		};
		A7A763782C9D83CE00AB4D3A /* WeatherIOSTests */ = {
			isa = PBXNativeTarget;
			buildConfigurationList = A7A763902C9D83CE00AB4D3A /* Build configuration list for PBXNativeTarget "WeatherIOSTests" */;
			buildPhases = (
				A7A763752C9D83CE00AB4D3A /* Sources */,
				A7A763762C9D83CE00AB4D3A /* Frameworks */,
				A7A763772C9D83CE00AB4D3A /* Resources */,
			);
			buildRules = (
			);
			dependencies = (
				A7A7637B2C9D83CE00AB4D3A /* PBXTargetDependency */,
			);
			name = WeatherIOSTests;
			productName = WeatherIOSTests;
			productReference = A7A763792C9D83CE00AB4D3A /* WeatherIOSTests.xctest */;
			productType = "com.apple.product-type.bundle.unit-test";
		};
		A7A763822C9D83CE00AB4D3A /* WeatherIOSUITests */ = {
			isa = PBXNativeTarget;
			buildConfigurationList = A7A763932C9D83CE00AB4D3A /* Build configuration list for PBXNativeTarget "WeatherIOSUITests" */;
			buildPhases = (
				A7A7637F2C9D83CE00AB4D3A /* Sources */,
				A7A763802C9D83CE00AB4D3A /* Frameworks */,
				A7A763812C9D83CE00AB4D3A /* Resources */,
			);
			buildRules = (
			);
			dependencies = (
				A7A763852C9D83CE00AB4D3A /* PBXTargetDependency */,
			);
			name = WeatherIOSUITests;
			productName = WeatherIOSUITests;
			productReference = A7A763832C9D83CE00AB4D3A /* WeatherIOSUITests.xctest */;
			productType = "com.apple.product-type.bundle.ui-testing";
		};
/* End PBXNativeTarget section */

/* Begin PBXProject section */
		A7A763582C9D83CD00AB4D3A /* Project object */ = {
			isa = PBXProject;
			attributes = {
				BuildIndependentTargetsInParallel = 1;
				LastSwiftUpdateCheck = 1510;
				LastUpgradeCheck = 1510;
				TargetAttributes = {
					A7A7635F2C9D83CD00AB4D3A = {
						CreatedOnToolsVersion = 15.1;
					};
					A7A763782C9D83CE00AB4D3A = {
						CreatedOnToolsVersion = 15.1;
						TestTargetID = A7A7635F2C9D83CD00AB4D3A;
					};
					A7A763822C9D83CE00AB4D3A = {
						CreatedOnToolsVersion = 15.1;
						TestTargetID = A7A7635F2C9D83CD00AB4D3A;
					};
				};
			};
			buildConfigurationList = A7A7635B2C9D83CD00AB4D3A /* Build configuration list for PBXProject "WeatherIOS" */;
			compatibilityVersion = "Xcode 14.0";
			developmentRegion = en;
			hasScannedForEncodings = 0;
			knownRegions = (
				en,
				Base,
			);
			mainGroup = A7A763572C9D83CD00AB4D3A;
			packageReferences = (
				A7A763A52C9D860300AB4D3A /* XCRemoteSwiftPackageReference "IQKeyboardManager" */,
				A7A763A82C9D861300AB4D3A /* XCRemoteSwiftPackageReference "Alamofire" */,
			);
			productRefGroup = A7A763612C9D83CD00AB4D3A /* Products */;
			projectDirPath = "";
			projectRoot = "";
			targets = (
				A7A7635F2C9D83CD00AB4D3A /* WeatherIOS */,
				A7A763782C9D83CE00AB4D3A /* WeatherIOSTests */,
				A7A763822C9D83CE00AB4D3A /* WeatherIOSUITests */,
			);
		};
/* End PBXProject section */

/* Begin PBXResourcesBuildPhase section */
		A7A7635E2C9D83CD00AB4D3A /* Resources */ = {
			isa = PBXResourcesBuildPhase;
			buildActionMask = 2147483647;
			files = (
				A7A763732C9D83CE00AB4D3A /* LaunchScreen.storyboard in Resources */,
				A7A763702C9D83CE00AB4D3A /* Assets.xcassets in Resources */,
				A7A7636B2C9D83CD00AB4D3A /* Main.storyboard in Resources */,
				A7FBDFDD2C9D96CD00A219DE /* Colours.xcassets in Resources */,
			);
			runOnlyForDeploymentPostprocessing = 0;
		};
		A7A763772C9D83CE00AB4D3A /* Resources */ = {
			isa = PBXResourcesBuildPhase;
			buildActionMask = 2147483647;
			files = (
			);
			runOnlyForDeploymentPostprocessing = 0;
		};
		A7A763812C9D83CE00AB4D3A /* Resources */ = {
			isa = PBXResourcesBuildPhase;
			buildActionMask = 2147483647;
			files = (
			);
			runOnlyForDeploymentPostprocessing = 0;
		};
/* End PBXResourcesBuildPhase section */

/* Begin PBXSourcesBuildPhase section */
		A7A7635C2C9D83CD00AB4D3A /* Sources */ = {
			isa = PBXSourcesBuildPhase;
			buildActionMask = 2147483647;
			files = (
				A7A763A32C9D857E00AB4D3A /* NetworkManager.swift in Sources */,
				A7A763642C9D83CD00AB4D3A /* AppDelegate.swift in Sources */,
				A7ACEA3E2C9DFA99008F7B2E /* RemoteForecastService.swift in Sources */,
				A7ACF4E12C9EA7E500C01D6A /* DBWeather+CoreDataProperties.swift in Sources */,
				A7FBE0142C9DCFF000A219DE /* RemoteWeatherFromNameService.swift in Sources */,
				A7FBE0162C9DD0A200A219DE /* WeatherFromNameRequest.swift in Sources */,
				A7FBDFEE2C9DA7EB00A219DE /* UIView+Extensions.swift in Sources */,
				A7A763BC2C9D924F00AB4D3A /* UIViewController+Extensions.swift in Sources */,
				A7FBDFF82C9DBB0900A219DE /* AppConstants.swift in Sources */,
				A7FBDFE12C9D980E00A219DE /* WeatherListVC.swift in Sources */,
				A7A7639D2C9D854C00AB4D3A /* Environment.swift in Sources */,
				A7A763A12C9D857200AB4D3A /* NetworkRequest.swift in Sources */,
				A7ACF4DD2C9EA7DB00C01D6A /* DBForecast+CoreDataProperties.swift in Sources */,
				A7A763B02C9D87C900AB4D3A /* AlertMessages.swift in Sources */,
				A7FBE00A2C9DCBBA00A219DE /* RemoteWeatherService.swift in Sources */,
				A7FBDFE82C9DA4ED00A219DE /* LocationTableCell.swift in Sources */,
				A7FBE0042C9DBF9D00A219DE /* WeatherViewModel.swift in Sources */,
				A7A763B52C9D884100AB4D3A /* ActivityIndicator.swift in Sources */,
				A7FBE0062C9DCB3300A219DE /* WeatherRequest.swift in Sources */,
				A7ACEA3A2C9DFA76008F7B2E /* ForecastRequest.swift in Sources */,
				A7A7639B2C9D853E00AB4D3A /* EndPoints.swift in Sources */,
				A7A7636E2C9D83CD00AB4D3A /* WeatherIOS.xcdatamodeld in Sources */,
				A7ACEA3C2C9DFA8B008F7B2E /* ForecastService.swift in Sources */,
				A7A763BA2C9D919600AB4D3A /* IBDesignable+Extensions.swift in Sources */,
				A7FBDFF02C9DB89E00A219DE /* Weather.swift in Sources */,
				A7ACEA382C9DDE55008F7B2E /* Storyboards.swift in Sources */,
				A7ACEA492C9E0781008F7B2E /* CoreDataManager.swift in Sources */,
				A7FBDFE32C9D982F00A219DE /* WeatherDetailVC.swift in Sources */,
				A7FBDFEA2C9DA50200A219DE /* WeatherListTableCell.swift in Sources */,
				A7ACF4E02C9EA7E500C01D6A /* DBWeather+CoreDataClass.swift in Sources */,
				A7FBE0082C9DCBAB00A219DE /* WeatherService.swift in Sources */,
				A7A763B32C9D882000AB4D3A /* Toast.swift in Sources */,
				A7FBDFEC2C9DA7B000A219DE /* UITableView+Extensions.swift in Sources */,
				A7A763992C9D84DF00AB4D3A /* BaseURL.swift in Sources */,
				A7FBDFE52C9D9C5F00A219DE /* SearchLocationtVC.swift in Sources */,
				A7FBE00C2C9DCDCD00A219DE /* WeatherFromNameService.swift in Sources */,
				A7FBDFF22C9DB91F00A219DE /* Forecast.swift in Sources */,
				A7ACF4DC2C9EA7DB00C01D6A /* DBForecast+CoreDataClass.swift in Sources */,
				A7A763662C9D83CD00AB4D3A /* SceneDelegate.swift in Sources */,
			);
			runOnlyForDeploymentPostprocessing = 0;
		};
		A7A763752C9D83CE00AB4D3A /* Sources */ = {
			isa = PBXSourcesBuildPhase;
			buildActionMask = 2147483647;
			files = (
				A7A7637E2C9D83CE00AB4D3A /* WeatherIOSTests.swift in Sources */,
			);
			runOnlyForDeploymentPostprocessing = 0;
		};
		A7A7637F2C9D83CE00AB4D3A /* Sources */ = {
			isa = PBXSourcesBuildPhase;
			buildActionMask = 2147483647;
			files = (
				A7A763882C9D83CE00AB4D3A /* WeatherIOSUITests.swift in Sources */,
				A7A7638A2C9D83CE00AB4D3A /* WeatherIOSUITestsLaunchTests.swift in Sources */,
			);
			runOnlyForDeploymentPostprocessing = 0;
		};
/* End PBXSourcesBuildPhase section */

/* Begin PBXTargetDependency section */
		A7A7637B2C9D83CE00AB4D3A /* PBXTargetDependency */ = {
			isa = PBXTargetDependency;
			target = A7A7635F2C9D83CD00AB4D3A /* WeatherIOS */;
			targetProxy = A7A7637A2C9D83CE00AB4D3A /* PBXContainerItemProxy */;
		};
		A7A763852C9D83CE00AB4D3A /* PBXTargetDependency */ = {
			isa = PBXTargetDependency;
			target = A7A7635F2C9D83CD00AB4D3A /* WeatherIOS */;
			targetProxy = A7A763842C9D83CE00AB4D3A /* PBXContainerItemProxy */;
		};
/* End PBXTargetDependency section */

/* Begin PBXVariantGroup section */
		A7A763692C9D83CD00AB4D3A /* Main.storyboard */ = {
			isa = PBXVariantGroup;
			children = (
				A7A7636A2C9D83CD00AB4D3A /* Base */,
			);
			name = Main.storyboard;
			sourceTree = "<group>";
		};
		A7A763712C9D83CE00AB4D3A /* LaunchScreen.storyboard */ = {
			isa = PBXVariantGroup;
			children = (
				A7A763722C9D83CE00AB4D3A /* Base */,
			);
			name = LaunchScreen.storyboard;
			sourceTree = "<group>";
		};
/* End PBXVariantGroup section */

/* Begin XCBuildConfiguration section */
		A7A7638B2C9D83CE00AB4D3A /* Debug */ = {
			isa = XCBuildConfiguration;
			buildSettings = {
				ALWAYS_SEARCH_USER_PATHS = NO;
				ASSETCATALOG_COMPILER_GENERATE_SWIFT_ASSET_SYMBOL_EXTENSIONS = YES;
				CLANG_ANALYZER_NONNULL = YES;
				CLANG_ANALYZER_NUMBER_OBJECT_CONVERSION = YES_AGGRESSIVE;
				CLANG_CXX_LANGUAGE_STANDARD = "gnu++20";
				CLANG_ENABLE_MODULES = YES;
				CLANG_ENABLE_OBJC_ARC = YES;
				CLANG_ENABLE_OBJC_WEAK = YES;
				CLANG_WARN_BLOCK_CAPTURE_AUTORELEASING = YES;
				CLANG_WARN_BOOL_CONVERSION = YES;
				CLANG_WARN_COMMA = YES;
				CLANG_WARN_CONSTANT_CONVERSION = YES;
				CLANG_WARN_DEPRECATED_OBJC_IMPLEMENTATIONS = YES;
				CLANG_WARN_DIRECT_OBJC_ISA_USAGE = YES_ERROR;
				CLANG_WARN_DOCUMENTATION_COMMENTS = YES;
				CLANG_WARN_EMPTY_BODY = YES;
				CLANG_WARN_ENUM_CONVERSION = YES;
				CLANG_WARN_INFINITE_RECURSION = YES;
				CLANG_WARN_INT_CONVERSION = YES;
				CLANG_WARN_NON_LITERAL_NULL_CONVERSION = YES;
				CLANG_WARN_OBJC_IMPLICIT_RETAIN_SELF = YES;
				CLANG_WARN_OBJC_LITERAL_CONVERSION = YES;
				CLANG_WARN_OBJC_ROOT_CLASS = YES_ERROR;
				CLANG_WARN_QUOTED_INCLUDE_IN_FRAMEWORK_HEADER = YES;
				CLANG_WARN_RANGE_LOOP_ANALYSIS = YES;
				CLANG_WARN_STRICT_PROTOTYPES = YES;
				CLANG_WARN_SUSPICIOUS_MOVE = YES;
				CLANG_WARN_UNGUARDED_AVAILABILITY = YES_AGGRESSIVE;
				CLANG_WARN_UNREACHABLE_CODE = YES;
				CLANG_WARN__DUPLICATE_METHOD_MATCH = YES;
				COPY_PHASE_STRIP = NO;
				DEBUG_INFORMATION_FORMAT = dwarf;
				ENABLE_STRICT_OBJC_MSGSEND = YES;
				ENABLE_TESTABILITY = YES;
				ENABLE_USER_SCRIPT_SANDBOXING = YES;
				GCC_C_LANGUAGE_STANDARD = gnu17;
				GCC_DYNAMIC_NO_PIC = NO;
				GCC_NO_COMMON_BLOCKS = YES;
				GCC_OPTIMIZATION_LEVEL = 0;
				GCC_PREPROCESSOR_DEFINITIONS = (
					"DEBUG=1",
					"$(inherited)",
				);
				GCC_WARN_64_TO_32_BIT_CONVERSION = YES;
				GCC_WARN_ABOUT_RETURN_TYPE = YES_ERROR;
				GCC_WARN_UNDECLARED_SELECTOR = YES;
				GCC_WARN_UNINITIALIZED_AUTOS = YES_AGGRESSIVE;
				GCC_WARN_UNUSED_FUNCTION = YES;
				GCC_WARN_UNUSED_VARIABLE = YES;
				IPHONEOS_DEPLOYMENT_TARGET = 17.2;
				LOCALIZATION_PREFERS_STRING_CATALOGS = YES;
				MTL_ENABLE_DEBUG_INFO = INCLUDE_SOURCE;
				MTL_FAST_MATH = YES;
				ONLY_ACTIVE_ARCH = YES;
				SDKROOT = iphoneos;
				SWIFT_ACTIVE_COMPILATION_CONDITIONS = "DEBUG $(inherited)";
				SWIFT_OPTIMIZATION_LEVEL = "-Onone";
			};
			name = Debug;
		};
		A7A7638C2C9D83CE00AB4D3A /* Release */ = {
			isa = XCBuildConfiguration;
			buildSettings = {
				ALWAYS_SEARCH_USER_PATHS = NO;
				ASSETCATALOG_COMPILER_GENERATE_SWIFT_ASSET_SYMBOL_EXTENSIONS = YES;
				CLANG_ANALYZER_NONNULL = YES;
				CLANG_ANALYZER_NUMBER_OBJECT_CONVERSION = YES_AGGRESSIVE;
				CLANG_CXX_LANGUAGE_STANDARD = "gnu++20";
				CLANG_ENABLE_MODULES = YES;
				CLANG_ENABLE_OBJC_ARC = YES;
				CLANG_ENABLE_OBJC_WEAK = YES;
				CLANG_WARN_BLOCK_CAPTURE_AUTORELEASING = YES;
				CLANG_WARN_BOOL_CONVERSION = YES;
				CLANG_WARN_COMMA = YES;
				CLANG_WARN_CONSTANT_CONVERSION = YES;
				CLANG_WARN_DEPRECATED_OBJC_IMPLEMENTATIONS = YES;
				CLANG_WARN_DIRECT_OBJC_ISA_USAGE = YES_ERROR;
				CLANG_WARN_DOCUMENTATION_COMMENTS = YES;
				CLANG_WARN_EMPTY_BODY = YES;
				CLANG_WARN_ENUM_CONVERSION = YES;
				CLANG_WARN_INFINITE_RECURSION = YES;
				CLANG_WARN_INT_CONVERSION = YES;
				CLANG_WARN_NON_LITERAL_NULL_CONVERSION = YES;
				CLANG_WARN_OBJC_IMPLICIT_RETAIN_SELF = YES;
				CLANG_WARN_OBJC_LITERAL_CONVERSION = YES;
				CLANG_WARN_OBJC_ROOT_CLASS = YES_ERROR;
				CLANG_WARN_QUOTED_INCLUDE_IN_FRAMEWORK_HEADER = YES;
				CLANG_WARN_RANGE_LOOP_ANALYSIS = YES;
				CLANG_WARN_STRICT_PROTOTYPES = YES;
				CLANG_WARN_SUSPICIOUS_MOVE = YES;
				CLANG_WARN_UNGUARDED_AVAILABILITY = YES_AGGRESSIVE;
				CLANG_WARN_UNREACHABLE_CODE = YES;
				CLANG_WARN__DUPLICATE_METHOD_MATCH = YES;
				COPY_PHASE_STRIP = NO;
				DEBUG_INFORMATION_FORMAT = "dwarf-with-dsym";
				ENABLE_NS_ASSERTIONS = NO;
				ENABLE_STRICT_OBJC_MSGSEND = YES;
				ENABLE_USER_SCRIPT_SANDBOXING = YES;
				GCC_C_LANGUAGE_STANDARD = gnu17;
				GCC_NO_COMMON_BLOCKS = YES;
				GCC_WARN_64_TO_32_BIT_CONVERSION = YES;
				GCC_WARN_ABOUT_RETURN_TYPE = YES_ERROR;
				GCC_WARN_UNDECLARED_SELECTOR = YES;
				GCC_WARN_UNINITIALIZED_AUTOS = YES_AGGRESSIVE;
				GCC_WARN_UNUSED_FUNCTION = YES;
				GCC_WARN_UNUSED_VARIABLE = YES;
				IPHONEOS_DEPLOYMENT_TARGET = 17.2;
				LOCALIZATION_PREFERS_STRING_CATALOGS = YES;
				MTL_ENABLE_DEBUG_INFO = NO;
				MTL_FAST_MATH = YES;
				SDKROOT = iphoneos;
				SWIFT_COMPILATION_MODE = wholemodule;
				VALIDATE_PRODUCT = YES;
			};
			name = Release;
		};
		A7A7638E2C9D83CE00AB4D3A /* Debug */ = {
			isa = XCBuildConfiguration;
			buildSettings = {
				ASSETCATALOG_COMPILER_APPICON_NAME = AppIcon;
				ASSETCATALOG_COMPILER_GLOBAL_ACCENT_COLOR_NAME = AccentColor;
				CODE_SIGN_STYLE = Automatic;
				CURRENT_PROJECT_VERSION = 1;
				DEVELOPMENT_TEAM = TXN6T998WP;
				GENERATE_INFOPLIST_FILE = YES;
				INFOPLIST_FILE = WeatherIOS/Info.plist;
				INFOPLIST_KEY_UIApplicationSupportsIndirectInputEvents = YES;
				INFOPLIST_KEY_UILaunchStoryboardName = LaunchScreen;
				INFOPLIST_KEY_UIMainStoryboardFile = Main;
				INFOPLIST_KEY_UISupportedInterfaceOrientations = UIInterfaceOrientationPortrait;
				INFOPLIST_KEY_UISupportedInterfaceOrientations_iPad = "UIInterfaceOrientationLandscapeLeft UIInterfaceOrientationLandscapeRight UIInterfaceOrientationPortrait UIInterfaceOrientationPortraitUpsideDown";
				IPHONEOS_DEPLOYMENT_TARGET = 15.0;
				LD_RUNPATH_SEARCH_PATHS = (
					"$(inherited)",
					"@executable_path/Frameworks",
				);
				MARKETING_VERSION = 1.0;
				PRODUCT_BUNDLE_IDENTIFIER = com.testapp.WeatherIOS;
				PRODUCT_NAME = "$(TARGET_NAME)";
				SUPPORTED_PLATFORMS = "iphoneos iphonesimulator";
				SUPPORTS_MACCATALYST = NO;
				SUPPORTS_MAC_DESIGNED_FOR_IPHONE_IPAD = NO;
				SWIFT_EMIT_LOC_STRINGS = YES;
				SWIFT_VERSION = 5.0;
				TARGETED_DEVICE_FAMILY = 1;
			};
			name = Debug;
		};
		A7A7638F2C9D83CE00AB4D3A /* Release */ = {
			isa = XCBuildConfiguration;
			buildSettings = {
				ASSETCATALOG_COMPILER_APPICON_NAME = AppIcon;
				ASSETCATALOG_COMPILER_GLOBAL_ACCENT_COLOR_NAME = AccentColor;
				CODE_SIGN_STYLE = Automatic;
				CURRENT_PROJECT_VERSION = 1;
				DEVELOPMENT_TEAM = TXN6T998WP;
				GENERATE_INFOPLIST_FILE = YES;
				INFOPLIST_FILE = WeatherIOS/Info.plist;
				INFOPLIST_KEY_UIApplicationSupportsIndirectInputEvents = YES;
				INFOPLIST_KEY_UILaunchStoryboardName = LaunchScreen;
				INFOPLIST_KEY_UIMainStoryboardFile = Main;
				INFOPLIST_KEY_UISupportedInterfaceOrientations = UIInterfaceOrientationPortrait;
				INFOPLIST_KEY_UISupportedInterfaceOrientations_iPad = "UIInterfaceOrientationLandscapeLeft UIInterfaceOrientationLandscapeRight UIInterfaceOrientationPortrait UIInterfaceOrientationPortraitUpsideDown";
				IPHONEOS_DEPLOYMENT_TARGET = 15.0;
				LD_RUNPATH_SEARCH_PATHS = (
					"$(inherited)",
					"@executable_path/Frameworks",
				);
				MARKETING_VERSION = 1.0;
				PRODUCT_BUNDLE_IDENTIFIER = com.testapp.WeatherIOS;
				PRODUCT_NAME = "$(TARGET_NAME)";
				SUPPORTED_PLATFORMS = "iphoneos iphonesimulator";
				SUPPORTS_MACCATALYST = NO;
				SUPPORTS_MAC_DESIGNED_FOR_IPHONE_IPAD = NO;
				SWIFT_EMIT_LOC_STRINGS = YES;
				SWIFT_VERSION = 5.0;
				TARGETED_DEVICE_FAMILY = 1;
			};
			name = Release;
		};
		A7A763912C9D83CE00AB4D3A /* Debug */ = {
			isa = XCBuildConfiguration;
			buildSettings = {
				ALWAYS_EMBED_SWIFT_STANDARD_LIBRARIES = YES;
				BUNDLE_LOADER = "$(TEST_HOST)";
				CODE_SIGN_STYLE = Automatic;
				CURRENT_PROJECT_VERSION = 1;
				DEVELOPMENT_TEAM = TXN6T998WP;
				GENERATE_INFOPLIST_FILE = YES;
				IPHONEOS_DEPLOYMENT_TARGET = 17.2;
				MARKETING_VERSION = 1.0;
				PRODUCT_BUNDLE_IDENTIFIER = com.testapp.WeatherIOSTests;
				PRODUCT_NAME = "$(TARGET_NAME)";
				SWIFT_EMIT_LOC_STRINGS = NO;
				SWIFT_VERSION = 5.0;
				TARGETED_DEVICE_FAMILY = "1,2";
				TEST_HOST = "$(BUILT_PRODUCTS_DIR)/WeatherIOS.app/$(BUNDLE_EXECUTABLE_FOLDER_PATH)/WeatherIOS";
			};
			name = Debug;
		};
		A7A763922C9D83CE00AB4D3A /* Release */ = {
			isa = XCBuildConfiguration;
			buildSettings = {
				ALWAYS_EMBED_SWIFT_STANDARD_LIBRARIES = YES;
				BUNDLE_LOADER = "$(TEST_HOST)";
				CODE_SIGN_STYLE = Automatic;
				CURRENT_PROJECT_VERSION = 1;
				DEVELOPMENT_TEAM = TXN6T998WP;
				GENERATE_INFOPLIST_FILE = YES;
				IPHONEOS_DEPLOYMENT_TARGET = 17.2;
				MARKETING_VERSION = 1.0;
				PRODUCT_BUNDLE_IDENTIFIER = com.testapp.WeatherIOSTests;
				PRODUCT_NAME = "$(TARGET_NAME)";
				SWIFT_EMIT_LOC_STRINGS = NO;
				SWIFT_VERSION = 5.0;
				TARGETED_DEVICE_FAMILY = "1,2";
				TEST_HOST = "$(BUILT_PRODUCTS_DIR)/WeatherIOS.app/$(BUNDLE_EXECUTABLE_FOLDER_PATH)/WeatherIOS";
			};
			name = Release;
		};
		A7A763942C9D83CE00AB4D3A /* Debug */ = {
			isa = XCBuildConfiguration;
			buildSettings = {
				ALWAYS_EMBED_SWIFT_STANDARD_LIBRARIES = YES;
				CODE_SIGN_STYLE = Automatic;
				CURRENT_PROJECT_VERSION = 1;
				DEVELOPMENT_TEAM = TXN6T998WP;
				GENERATE_INFOPLIST_FILE = YES;
				MARKETING_VERSION = 1.0;
				PRODUCT_BUNDLE_IDENTIFIER = com.testapp.WeatherIOSUITests;
				PRODUCT_NAME = "$(TARGET_NAME)";
				SWIFT_EMIT_LOC_STRINGS = NO;
				SWIFT_VERSION = 5.0;
				TARGETED_DEVICE_FAMILY = "1,2";
				TEST_TARGET_NAME = WeatherIOS;
			};
			name = Debug;
		};
		A7A763952C9D83CE00AB4D3A /* Release */ = {
			isa = XCBuildConfiguration;
			buildSettings = {
				ALWAYS_EMBED_SWIFT_STANDARD_LIBRARIES = YES;
				CODE_SIGN_STYLE = Automatic;
				CURRENT_PROJECT_VERSION = 1;
				DEVELOPMENT_TEAM = TXN6T998WP;
				GENERATE_INFOPLIST_FILE = YES;
				MARKETING_VERSION = 1.0;
				PRODUCT_BUNDLE_IDENTIFIER = com.testapp.WeatherIOSUITests;
				PRODUCT_NAME = "$(TARGET_NAME)";
				SWIFT_EMIT_LOC_STRINGS = NO;
				SWIFT_VERSION = 5.0;
				TARGETED_DEVICE_FAMILY = "1,2";
				TEST_TARGET_NAME = WeatherIOS;
			};
			name = Release;
		};
/* End XCBuildConfiguration section */

/* Begin XCConfigurationList section */
		A7A7635B2C9D83CD00AB4D3A /* Build configuration list for PBXProject "WeatherIOS" */ = {
			isa = XCConfigurationList;
			buildConfigurations = (
				A7A7638B2C9D83CE00AB4D3A /* Debug */,
				A7A7638C2C9D83CE00AB4D3A /* Release */,
			);
			defaultConfigurationIsVisible = 0;
			defaultConfigurationName = Release;
		};
		A7A7638D2C9D83CE00AB4D3A /* Build configuration list for PBXNativeTarget "WeatherIOS" */ = {
			isa = XCConfigurationList;
			buildConfigurations = (
				A7A7638E2C9D83CE00AB4D3A /* Debug */,
				A7A7638F2C9D83CE00AB4D3A /* Release */,
			);
			defaultConfigurationIsVisible = 0;
			defaultConfigurationName = Release;
		};
		A7A763902C9D83CE00AB4D3A /* Build configuration list for PBXNativeTarget "WeatherIOSTests" */ = {
			isa = XCConfigurationList;
			buildConfigurations = (
				A7A763912C9D83CE00AB4D3A /* Debug */,
				A7A763922C9D83CE00AB4D3A /* Release */,
			);
			defaultConfigurationIsVisible = 0;
			defaultConfigurationName = Release;
		};
		A7A763932C9D83CE00AB4D3A /* Build configuration list for PBXNativeTarget "WeatherIOSUITests" */ = {
			isa = XCConfigurationList;
			buildConfigurations = (
				A7A763942C9D83CE00AB4D3A /* Debug */,
				A7A763952C9D83CE00AB4D3A /* Release */,
			);
			defaultConfigurationIsVisible = 0;
			defaultConfigurationName = Release;
		};
/* End XCConfigurationList section */

/* Begin XCRemoteSwiftPackageReference section */
		A7A763A52C9D860300AB4D3A /* XCRemoteSwiftPackageReference "IQKeyboardManager" */ = {
			isa = XCRemoteSwiftPackageReference;
			repositoryURL = "https://github.com/hackiftekhar/IQKeyboardManager.git";
			requirement = {
				kind = upToNextMajorVersion;
				minimumVersion = 7.1.1;
			};
		};
		A7A763A82C9D861300AB4D3A /* XCRemoteSwiftPackageReference "Alamofire" */ = {
			isa = XCRemoteSwiftPackageReference;
			repositoryURL = "https://github.com/Alamofire/Alamofire.git";
			requirement = {
				kind = upToNextMajorVersion;
				minimumVersion = 5.9.1;
			};
		};
/* End XCRemoteSwiftPackageReference section */

/* Begin XCSwiftPackageProductDependency section */
		A7A763A62C9D860300AB4D3A /* IQKeyboardManagerSwift */ = {
			isa = XCSwiftPackageProductDependency;
			package = A7A763A52C9D860300AB4D3A /* XCRemoteSwiftPackageReference "IQKeyboardManager" */;
			productName = IQKeyboardManagerSwift;
		};
		A7A763A92C9D861300AB4D3A /* Alamofire */ = {
			isa = XCSwiftPackageProductDependency;
			package = A7A763A82C9D861300AB4D3A /* XCRemoteSwiftPackageReference "Alamofire" */;
			productName = Alamofire;
		};
/* End XCSwiftPackageProductDependency section */

/* Begin XCVersionGroup section */
		A7A7636C2C9D83CD00AB4D3A /* WeatherIOS.xcdatamodeld */ = {
			isa = XCVersionGroup;
			children = (
				A7A7636D2C9D83CD00AB4D3A /* WeatherIOS.xcdatamodel */,
			);
			currentVersion = A7A7636D2C9D83CD00AB4D3A /* WeatherIOS.xcdatamodel */;
			path = WeatherIOS.xcdatamodeld;
			sourceTree = "<group>";
			versionGroupType = wrapper.xcdatamodel;
		};
/* End XCVersionGroup section */
	};
	rootObject = A7A763582C9D83CD00AB4D3A /* Project object */;
}
